
Microsoft Visual Studio Solution File, Format Version 12.00
# Visual Studio 2015
Project("{FAE04EC0-301F-11D3-BF4B-00C04F79EFBC}") = "CPotsProject.CSharp.Plugins", "CPotsProject.CSharp.Plugins.csproj", "{C6DC5FD4-D6D7-0365-A9AE-24DF85CEBCC2}"
EndProject
Project("{FAE04EC0-301F-11D3-BF4B-00C04F79EFBC}") = "CPotsProject.CSharp", "CPotsProject.CSharp.csproj", "{AAA6A7F0-A999-11F1-7AAE-3692C14A54A1}"
EndProject
Project("{FAE04EC0-301F-11D3-BF4B-00C04F79EFBC}") = "CPotsProject.CSharp.Editor", "CPotsProject.CSharp.Editor.csproj", "{138A691E-64B7-7B12-E721-A2CFB3870B7F}"
EndProject
Global
	GlobalSection(SolutionConfigurationPlatforms) = preSolution
		Debug|Any CPU = Debug|Any CPU
		Release|Any CPU = Release|Any CPU
	EndGlobalSection
	GlobalSection(ProjectConfigurationPlatforms) = postSolution
		{C6DC5FD4-D6D7-0365-A9AE-24DF85CEBCC2}.Debug|Any CPU.ActiveCfg = Debug|Any CPU
		{C6DC5FD4-D6D7-0365-A9AE-24DF85CEBCC2}.Debug|Any CPU.Build.0 = Debug|Any CPU
		{C6DC5FD4-D6D7-0365-A9AE-24DF85CEBCC2}.Release|Any CPU.ActiveCfg = Release|Any CPU
		{C6DC5FD4-D6D7-0365-A9AE-24DF85CEBCC2}.Release|Any CPU.Build.0 = Release|Any CPU
		{AAA6A7F0-A999-11F1-7AAE-3692C14A54A1}.Debug|Any CPU.ActiveCfg = Debug|Any CPU
		{AAA6A7F0-A999-11F1-7AAE-3692C14A54A1}.Debug|Any CPU.Build.0 = Debug|Any CPU
		{AAA6A7F0-A999-11F1-7AAE-3692C14A54A1}.Release|Any CPU.ActiveCfg = Release|Any CPU
		{AAA6A7F0-A999-11F1-7AAE-3692C14A54A1}.Release|Any CPU.Build.0 = Release|Any CPU
		{138A691E-64B7-7B12-E721-A2CFB3870B7F}.Debug|Any CPU.ActiveCfg = Debug|Any CPU
		{138A691E-64B7-7B12-E721-A2CFB3870B7F}.Debug|Any CPU.Build.0 = Debug|Any CPU
		{138A691E-64B7-7B12-E721-A2CFB3870B7F}.Release|Any CPU.ActiveCfg = Release|Any CPU
		{138A691E-64B7-7B12-E721-A2CFB3870B7F}.Release|Any CPU.Build.0 = Release|Any CPU
	EndGlobalSection
	GlobalSection(SolutionProperties) = preSolution
		HideSolutionNode = FALSE
	EndGlobalSection
EndGlobal
